
Microsoft Visual Studio Solution File, Format Version 12.00
# Visual Studio Version 17
VisualStudioVersion = 17.4.33103.184
MinimumVisualStudioVersion = 10.0.40219.1
Project("{9A19103F-16F7-4668-BE54-9A1E7A4F7556}") = "WebApplication1", "WebApplication1\WebApplication1.csproj", "{29585ECB-EEE6-4329-A314-140B59D64688}"
EndProject
Project("{FAE04EC0-301F-11D3-BF4B-00C04F79EFBC}") = "BusinessLogic", "BusinessLogic\BusinessLogic.csproj", "{75E05D9E-4245-46B9-851A-66D0B8A397DF}"
EndProject
Project("{FAE04EC0-301F-11D3-BF4B-00C04F79EFBC}") = "DataAccess", "DataAccess\DataAccess.csproj", "{7556010C-17D6-4D91-BB0E-940F3637C714}"
EndProject
Project("{FAE04EC0-301F-11D3-BF4B-00C04F79EFBC}") = "Domain", "Domain\Domain.csproj", "{5355464F-30E7-4275-8D85-56B361616BD8}"
EndProject
Global
	GlobalSection(SolutionConfigurationPlatforms) = preSolution
		Debug|Any CPU = Debug|Any CPU
		Release|Any CPU = Release|Any CPU
	EndGlobalSection
	GlobalSection(ProjectConfigurationPlatforms) = postSolution
		{29585ECB-EEE6-4329-A314-140B59D64688}.Debug|Any CPU.ActiveCfg = Debug|Any CPU
		{29585ECB-EEE6-4329-A314-140B59D64688}.Debug|Any CPU.Build.0 = Debug|Any CPU
		{29585ECB-EEE6-4329-A314-140B59D64688}.Release|Any CPU.ActiveCfg = Release|Any CPU
		{29585ECB-EEE6-4329-A314-140B59D64688}.Release|Any CPU.Build.0 = Release|Any CPU
		{75E05D9E-4245-46B9-851A-66D0B8A397DF}.Debug|Any CPU.ActiveCfg = Debug|Any CPU
		{75E05D9E-4245-46B9-851A-66D0B8A397DF}.Debug|Any CPU.Build.0 = Debug|Any CPU
		{75E05D9E-4245-46B9-851A-66D0B8A397DF}.Release|Any CPU.ActiveCfg = Release|Any CPU
		{75E05D9E-4245-46B9-851A-66D0B8A397DF}.Release|Any CPU.Build.0 = Release|Any CPU
		{7556010C-17D6-4D91-BB0E-940F3637C714}.Debug|Any CPU.ActiveCfg = Debug|Any CPU
		{7556010C-17D6-4D91-BB0E-940F3637C714}.Debug|Any CPU.Build.0 = Debug|Any CPU
		{7556010C-17D6-4D91-BB0E-940F3637C714}.Release|Any CPU.ActiveCfg = Release|Any CPU
		{7556010C-17D6-4D91-BB0E-940F3637C714}.Release|Any CPU.Build.0 = Release|Any CPU
		{5355464F-30E7-4275-8D85-56B361616BD8}.Debug|Any CPU.ActiveCfg = Debug|Any CPU
		{5355464F-30E7-4275-8D85-56B361616BD8}.Debug|Any CPU.Build.0 = Debug|Any CPU
		{5355464F-30E7-4275-8D85-56B361616BD8}.Release|Any CPU.ActiveCfg = Release|Any CPU
		{5355464F-30E7-4275-8D85-56B361616BD8}.Release|Any CPU.Build.0 = Release|Any CPU
	EndGlobalSection
	GlobalSection(SolutionProperties) = preSolution
		HideSolutionNode = FALSE
	EndGlobalSection
	GlobalSection(ExtensibilityGlobals) = postSolution
		SolutionGuid = {982D725D-E4C0-4E44-A69F-30914E4B5A2A}
	EndGlobalSection
EndGlobal
